
Microsoft Visual Studio Solution File, Format Version 12.00
# Visual Studio 14
VisualStudioVersion = 14.0.25123.0
MinimumVisualStudioVersion = 10.0.40219.1
Project("{FAE04EC0-301F-11D3-BF4B-00C04F79EFBC}") = "Shipwreck.Net.Http.Formatting", "Shipwreck.Net.Http.Formatting\Shipwreck.Net.Http.Formatting.csproj", "{C1D3952A-F27E-4618-BDCA-71A8B124A3FC}"
EndProject
Project("{FAE04EC0-301F-11D3-BF4B-00C04F79EFBC}") = "Shipwreck.Net.Http.Formatting.Tests", "Shipwreck.Net.Http.Formatting.Tests\Shipwreck.Net.Http.Formatting.Tests.csproj", "{5EA9B74C-4CD8-483A-94DA-A3FD41075FCF}"
EndProject
Global
	GlobalSection(SolutionConfigurationPlatforms) = preSolution
		Debug|Any CPU = Debug|Any CPU
		Release|Any CPU = Release|Any CPU
	EndGlobalSection
	GlobalSection(ProjectConfigurationPlatforms) = postSolution
		{C1D3952A-F27E-4618-BDCA-71A8B124A3FC}.Debug|Any CPU.ActiveCfg = Debug|Any CPU
		{C1D3952A-F27E-4618-BDCA-71A8B124A3FC}.Debug|Any CPU.Build.0 = Debug|Any CPU
		{C1D3952A-F27E-4618-BDCA-71A8B124A3FC}.Release|Any CPU.ActiveCfg = Release|Any CPU
		{C1D3952A-F27E-4618-BDCA-71A8B124A3FC}.Release|Any CPU.Build.0 = Release|Any CPU
		{5EA9B74C-4CD8-483A-94DA-A3FD41075FCF}.Debug|Any CPU.ActiveCfg = Debug|Any CPU
		{5EA9B74C-4CD8-483A-94DA-A3FD41075FCF}.Debug|Any CPU.Build.0 = Debug|Any CPU
		{5EA9B74C-4CD8-483A-94DA-A3FD41075FCF}.Release|Any CPU.ActiveCfg = Release|Any CPU
		{5EA9B74C-4CD8-483A-94DA-A3FD41075FCF}.Release|Any CPU.Build.0 = Release|Any CPU
	EndGlobalSection
	GlobalSection(SolutionProperties) = preSolution
		HideSolutionNode = FALSE
	EndGlobalSection
EndGlobal
